{
  "nodes": {
    "fenix": {
      "inputs": {
        "nixpkgs": "nixpkgs",
        "rust-analyzer-src": "rust-analyzer-src"
      },
      "locked": {
        "lastModified": 1720852044,
        "narHash": "sha256-3NBYz8VuXuKU+8ONd9NFafCNjPEGHIZQ2Mdoam1a4mY=",
        "owner": "nix-community",
        "repo": "fenix",
        "rev": "5087b12a595ee73131a944d922f24d81dae05725",
        "type": "github"
      },
      "original": {
        "owner": "nix-community",
        "repo": "fenix",
        "type": "github"
      }
    },
    "nixpkgs": {
      "locked": {
        "lastModified": 1720542800,
        "narHash": "sha256-ZgnNHuKV6h2+fQ5LuqnUaqZey1Lqqt5dTUAiAnqH0QQ=",
        "owner": "nixos",
        "repo": "nixpkgs",
        "rev": "feb2849fdeb70028c70d73b848214b00d324a497",
        "type": "github"
      },
      "original": {
        "owner": "nixos",
        "ref": "nixos-unstable",
        "repo": "nixpkgs",
        "type": "github"
      }
    },
    "nixpkgs-master": {
      "locked": {
        "lastModified": 1720917991,
        "narHash": "sha256-Wvz0QOf8L4rl3S7bQK7pex2EL9+sSC7h2QazlfIlF64=",
        "owner": "NixOS",
        "repo": "nixpkgs",
        "rev": "e28b6650c3876accd7af7329b46c642647e890cd",
        "type": "github"
      },
      "original": {
        "owner": "NixOS",
        "repo": "nixpkgs",
        "type": "github"
      }
    },
    "nixpkgs-old": {
      "locked": {
        "lastModified": 1688392541,
        "narHash": "sha256-lHrKvEkCPTUO+7tPfjIcb7Trk6k31rz18vkyqmkeJfY=",
        "owner": "NixOS",
        "repo": "nixpkgs",
        "rev": "ea4c80b39be4c09702b0cb3b42eab59e2ba4f24b",
        "type": "github"
      },
      "original": {
        "owner": "NixOS",
        "ref": "release-22.11",
        "repo": "nixpkgs",
        "type": "github"
      }
    },
    "nixpkgs_2": {
      "locked": {
        "lastModified": 1720915306,
        "narHash": "sha256-6vuViC56+KSr+945bCV8akHK+7J5k6n/epYg/W3I5eQ=",
        "owner": "NixOS",
        "repo": "nixpkgs",
        "rev": "74348da2f3a312ee25cea09b98cdba4cb9fa5d5d",
        "type": "github"
      },
      "original": {
        "owner": "NixOS",
        "ref": "release-24.05",
        "repo": "nixpkgs",
        "type": "github"
      }
    },
    "root": {
      "inputs": {
        "fenix": "fenix",
        "nixpkgs": "nixpkgs_2",
        "nixpkgs-master": "nixpkgs-master",
        "nixpkgs-old": "nixpkgs-old"
      }
    },
    "rust-analyzer-src": {
      "flake": false,
      "locked": {
        "lastModified": 1720717809,
        "narHash": "sha256-6I+fm+nTLF/iaj7ffiFGlSY7POmubwUaPA/Wq0Bm53M=",
        "owner": "rust-lang",
        "repo": "rust-analyzer",
        "rev": "ffbc5ad993d5cd2f3b8bcf9a511165470944ab91",
        "type": "github"
      },
      "original": {
        "owner": "rust-lang",
        "ref": "nightly",
        "repo": "rust-analyzer",
        "type": "github"
      }
    }
  },
  "root": "root",
  "version": 7
}
