{
  "nodes": {
    "nixpkgs": {
      "locked": {
        "lastModified": 1702770180,
        "narHash": "sha256-dpjQ3AfKTO4AwhWtLQp9rZT/zZYkCmyOFjVpMS5iXsc=",
        "owner": "NixOS",
        "repo": "nixpkgs",
        "rev": "720cb9383cc88c1b8cdf573cc82494bade17bf8b",
        "type": "github"
      },
      "original": {
        "owner": "NixOS",
        "ref": "release-23.11",
        "repo": "nixpkgs",
        "type": "github"
      }
    },
    "nixpkgs-master": {
      "locked": {
        "lastModified": 1702773800,
        "narHash": "sha256-zOHT/I19zgzkPyDFAhMrNzJl+T83X61rgINoe0tonDE=",
        "owner": "NixOS",
        "repo": "nixpkgs",
        "rev": "c4be56b2fe0435c70956aa67a3449f9191a65c82",
        "type": "github"
      },
      "original": {
        "owner": "NixOS",
        "repo": "nixpkgs",
        "type": "github"
      }
    },
    "nixpkgs-old": {
      "locked": {
        "lastModified": 1688392541,
        "narHash": "sha256-lHrKvEkCPTUO+7tPfjIcb7Trk6k31rz18vkyqmkeJfY=",
        "owner": "NixOS",
        "repo": "nixpkgs",
        "rev": "ea4c80b39be4c09702b0cb3b42eab59e2ba4f24b",
        "type": "github"
      },
      "original": {
        "owner": "NixOS",
        "ref": "release-22.11",
        "repo": "nixpkgs",
        "type": "github"
      }
    },
    "root": {
      "inputs": {
        "nixpkgs": "nixpkgs",
        "nixpkgs-master": "nixpkgs-master",
        "nixpkgs-old": "nixpkgs-old"
      }
    }
  },
  "root": "root",
  "version": 7
}
